// !$*UTF8*$!
{
	archiveVersion = 1;
	classes = {
	};
	objectVersion = 56;
	objects = {

/* Begin PBXBuildFile section */
		B1479EAC298F8533002A63E8 /* Utils.swift in Sources */ = {isa = PBXBuildFile; fileRef = B1479EAB298F8533002A63E8 /* Utils.swift */; };
		B1581DB0298F8F1D00A0ADCD /* Post.swift in Sources */ = {isa = PBXBuildFile; fileRef = B1581DAF298F8F1D00A0ADCD /* Post.swift */; };
		B1581DB2298F8F3E00A0ADCD /* Network.swift in Sources */ = {isa = PBXBuildFile; fileRef = B1581DB1298F8F3E00A0ADCD /* Network.swift */; };
		B1679AEB298EAC6600A75D01 /* PostTableViewCell.swift in Sources */ = {isa = PBXBuildFile; fileRef = B1679AE9298EAC6600A75D01 /* PostTableViewCell.swift */; };
		B1679AEC298EAC6600A75D01 /* PostTableViewCell.xib in Resources */ = {isa = PBXBuildFile; fileRef = B1679AEA298EAC6600A75D01 /* PostTableViewCell.xib */; };
		B1679AF1298EB71600A75D01 /* HomeViewController.swift in Sources */ = {isa = PBXBuildFile; fileRef = B1679AEF298EB71600A75D01 /* HomeViewController.swift */; };
		B1679AF2298EB71600A75D01 /* HomeViewController.xib in Resources */ = {isa = PBXBuildFile; fileRef = B1679AF0298EB71600A75D01 /* HomeViewController.xib */; };
		B194643B298F8BBF00F832AF /* JGProgressHUD in Frameworks */ = {isa = PBXBuildFile; productRef = B194643A298F8BBF00F832AF /* JGProgressHUD */; };
		B194643D298F8BC600F832AF /* Alamofire in Frameworks */ = {isa = PBXBuildFile; productRef = B194643C298F8BC600F832AF /* Alamofire */; };
		B1946442298F8C3700F832AF /* StoryboardInitUITests.swift in Sources */ = {isa = PBXBuildFile; fileRef = B1C36CB6298E9A3100B78F12 /* StoryboardInitUITests.swift */; };
		B1946443298F8C3800F832AF /* StoryboardInitUITestsLaunchTests.swift in Sources */ = {isa = PBXBuildFile; fileRef = B1C36CB8298E9A3100B78F12 /* StoryboardInitUITestsLaunchTests.swift */; };
		B1C36C96298E9A3000B78F12 /* AppDelegate.swift in Sources */ = {isa = PBXBuildFile; fileRef = B1C36C95298E9A3000B78F12 /* AppDelegate.swift */; };
		B1C36C98298E9A3000B78F12 /* SceneDelegate.swift in Sources */ = {isa = PBXBuildFile; fileRef = B1C36C97298E9A3000B78F12 /* SceneDelegate.swift */; };
		B1C36C9A298E9A3000B78F12 /* ViewController.swift in Sources */ = {isa = PBXBuildFile; fileRef = B1C36C99298E9A3000B78F12 /* ViewController.swift */; };
		B1C36C9D298E9A3000B78F12 /* Main.storyboard in Resources */ = {isa = PBXBuildFile; fileRef = B1C36C9B298E9A3000B78F12 /* Main.storyboard */; };
		B1C36C9F298E9A3100B78F12 /* Assets.xcassets in Resources */ = {isa = PBXBuildFile; fileRef = B1C36C9E298E9A3100B78F12 /* Assets.xcassets */; };
		B1C36CA2298E9A3100B78F12 /* LaunchScreen.storyboard in Resources */ = {isa = PBXBuildFile; fileRef = B1C36CA0298E9A3100B78F12 /* LaunchScreen.storyboard */; };
		B1C36CAD298E9A3100B78F12 /* StoryboardInitTests.swift in Sources */ = {isa = PBXBuildFile; fileRef = B1C36CAC298E9A3100B78F12 /* StoryboardInitTests.swift */; };
		B1D07A90298E9E3900307F38 /* CreateViewController.swift in Sources */ = {isa = PBXBuildFile; fileRef = B1D07A8E298E9E3900307F38 /* CreateViewController.swift */; };
		B1D07A91298E9E3900307F38 /* CreateViewController.xib in Resources */ = {isa = PBXBuildFile; fileRef = B1D07A8F298E9E3900307F38 /* CreateViewController.xib */; };
		B1D07A94298E9E6400307F38 /* EditViewController.swift in Sources */ = {isa = PBXBuildFile; fileRef = B1D07A92298E9E6400307F38 /* EditViewController.swift */; };
		B1D07A95298E9E6400307F38 /* EditViewController.xib in Resources */ = {isa = PBXBuildFile; fileRef = B1D07A93298E9E6400307F38 /* EditViewController.xib */; };
		B1D07A97298E9F5400307F38 /* BaseViewController.swift in Sources */ = {isa = PBXBuildFile; fileRef = B1D07A96298E9F5400307F38 /* BaseViewController.swift */; };
/* End PBXBuildFile section */

/* Begin PBXContainerItemProxy section */
		B1C36CA9298E9A3100B78F12 /* PBXContainerItemProxy */ = {
			isa = PBXContainerItemProxy;
			containerPortal = B1C36C8A298E9A3000B78F12 /* Project object */;
			proxyType = 1;
			remoteGlobalIDString = B1C36C91298E9A3000B78F12;
			remoteInfo = StoryboardInit;
		};
		B1C36CB3298E9A3100B78F12 /* PBXContainerItemProxy */ = {
			isa = PBXContainerItemProxy;
			containerPortal = B1C36C8A298E9A3000B78F12 /* Project object */;
			proxyType = 1;
			remoteGlobalIDString = B1C36C91298E9A3000B78F12;
			remoteInfo = StoryboardInit;
		};
/* End PBXContainerItemProxy section */

/* Begin PBXFileReference section */
		B1479EAB298F8533002A63E8 /* Utils.swift */ = {isa = PBXFileReference; lastKnownFileType = sourcecode.swift; path = Utils.swift; sourceTree = "<group>"; };
		B1581DAF298F8F1D00A0ADCD /* Post.swift */ = {isa = PBXFileReference; lastKnownFileType = sourcecode.swift; path = Post.swift; sourceTree = "<group>"; };
		B1581DB1298F8F3E00A0ADCD /* Network.swift */ = {isa = PBXFileReference; lastKnownFileType = sourcecode.swift; path = Network.swift; sourceTree = "<group>"; };
		B1679AE9298EAC6600A75D01 /* PostTableViewCell.swift */ = {isa = PBXFileReference; lastKnownFileType = sourcecode.swift; path = PostTableViewCell.swift; sourceTree = "<group>"; };
		B1679AEA298EAC6600A75D01 /* PostTableViewCell.xib */ = {isa = PBXFileReference; lastKnownFileType = file.xib; path = PostTableViewCell.xib; sourceTree = "<group>"; };
		B1679AEF298EB71600A75D01 /* HomeViewController.swift */ = {isa = PBXFileReference; lastKnownFileType = sourcecode.swift; path = HomeViewController.swift; sourceTree = "<group>"; };
		B1679AF0298EB71600A75D01 /* HomeViewController.xib */ = {isa = PBXFileReference; lastKnownFileType = file.xib; path = HomeViewController.xib; sourceTree = "<group>"; };
		B1C36C92298E9A3000B78F12 /* StoryboardInit.app */ = {isa = PBXFileReference; explicitFileType = wrapper.application; includeInIndex = 0; path = StoryboardInit.app; sourceTree = BUILT_PRODUCTS_DIR; };
		B1C36C95298E9A3000B78F12 /* AppDelegate.swift */ = {isa = PBXFileReference; lastKnownFileType = sourcecode.swift; path = AppDelegate.swift; sourceTree = "<group>"; };
		B1C36C97298E9A3000B78F12 /* SceneDelegate.swift */ = {isa = PBXFileReference; lastKnownFileType = sourcecode.swift; path = SceneDelegate.swift; sourceTree = "<group>"; };
		B1C36C99298E9A3000B78F12 /* ViewController.swift */ = {isa = PBXFileReference; lastKnownFileType = sourcecode.swift; path = ViewController.swift; sourceTree = "<group>"; };
		B1C36C9C298E9A3000B78F12 /* Base */ = {isa = PBXFileReference; lastKnownFileType = file.storyboard; name = Base; path = Base.lproj/Main.storyboard; sourceTree = "<group>"; };
		B1C36C9E298E9A3100B78F12 /* Assets.xcassets */ = {isa = PBXFileReference; lastKnownFileType = folder.assetcatalog; path = Assets.xcassets; sourceTree = "<group>"; };
		B1C36CA1298E9A3100B78F12 /* Base */ = {isa = PBXFileReference; lastKnownFileType = file.storyboard; name = Base; path = Base.lproj/LaunchScreen.storyboard; sourceTree = "<group>"; };
		B1C36CA3298E9A3100B78F12 /* Info.plist */ = {isa = PBXFileReference; lastKnownFileType = text.plist.xml; path = Info.plist; sourceTree = "<group>"; };
		B1C36CA8298E9A3100B78F12 /* StoryboardInitTests.xctest */ = {isa = PBXFileReference; explicitFileType = wrapper.cfbundle; includeInIndex = 0; path = StoryboardInitTests.xctest; sourceTree = BUILT_PRODUCTS_DIR; };
		B1C36CAC298E9A3100B78F12 /* StoryboardInitTests.swift */ = {isa = PBXFileReference; lastKnownFileType = sourcecode.swift; path = StoryboardInitTests.swift; sourceTree = "<group>"; };
		B1C36CB2298E9A3100B78F12 /* StoryboardInitUITests.xctest */ = {isa = PBXFileReference; explicitFileType = wrapper.cfbundle; includeInIndex = 0; path = StoryboardInitUITests.xctest; sourceTree = BUILT_PRODUCTS_DIR; };
		B1C36CB6298E9A3100B78F12 /* StoryboardInitUITests.swift */ = {isa = PBXFileReference; lastKnownFileType = sourcecode.swift; path = StoryboardInitUITests.swift; sourceTree = "<group>"; };
		B1C36CB8298E9A3100B78F12 /* StoryboardInitUITestsLaunchTests.swift */ = {isa = PBXFileReference; lastKnownFileType = sourcecode.swift; path = StoryboardInitUITestsLaunchTests.swift; sourceTree = "<group>"; };
		B1D07A8E298E9E3900307F38 /* CreateViewController.swift */ = {isa = PBXFileReference; lastKnownFileType = sourcecode.swift; path = CreateViewController.swift; sourceTree = "<group>"; };
		B1D07A8F298E9E3900307F38 /* CreateViewController.xib */ = {isa = PBXFileReference; lastKnownFileType = file.xib; path = CreateViewController.xib; sourceTree = "<group>"; };
		B1D07A92298E9E6400307F38 /* EditViewController.swift */ = {isa = PBXFileReference; lastKnownFileType = sourcecode.swift; path = EditViewController.swift; sourceTree = "<group>"; };
		B1D07A93298E9E6400307F38 /* EditViewController.xib */ = {isa = PBXFileReference; lastKnownFileType = file.xib; path = EditViewController.xib; sourceTree = "<group>"; };
		B1D07A96298E9F5400307F38 /* BaseViewController.swift */ = {isa = PBXFileReference; lastKnownFileType = sourcecode.swift; path = BaseViewController.swift; sourceTree = "<group>"; };
/* End PBXFileReference section */

/* Begin PBXFrameworksBuildPhase section */
		B1C36C8F298E9A3000B78F12 /* Frameworks */ = {
			isa = PBXFrameworksBuildPhase;
			buildActionMask = 2147483647;
			files = (
				B194643B298F8BBF00F832AF /* JGProgressHUD in Frameworks */,
				B194643D298F8BC600F832AF /* Alamofire in Frameworks */,
			);
			runOnlyForDeploymentPostprocessing = 0;
		};
		B1C36CA5298E9A3100B78F12 /* Frameworks */ = {
			isa = PBXFrameworksBuildPhase;
			buildActionMask = 2147483647;
			files = (
			);
			runOnlyForDeploymentPostprocessing = 0;
		};
		B1C36CAF298E9A3100B78F12 /* Frameworks */ = {
			isa = PBXFrameworksBuildPhase;
			buildActionMask = 2147483647;
			files = (
			);
			runOnlyForDeploymentPostprocessing = 0;
		};
/* End PBXFrameworksBuildPhase section */

/* Begin PBXGroup section */
		B1946438298F8A9500F832AF /* Network */ = {
			isa = PBXGroup;
			children = (
				B1581DB1298F8F3E00A0ADCD /* Network.swift */,
			);
			path = Network;
			sourceTree = "<group>";
		};
		B1946439298F8BBF00F832AF /* Frameworks */ = {
			isa = PBXGroup;
			children = (
			);
			name = Frameworks;
			sourceTree = "<group>";
		};
		B1C36C89298E9A3000B78F12 = {
			isa = PBXGroup;
			children = (
				B1C36C94298E9A3000B78F12 /* StoryboardInit */,
				B1C36CAB298E9A3100B78F12 /* StoryboardInitTests */,
				B1C36CB5298E9A3100B78F12 /* StoryboardInitUITests */,
				B1C36C93298E9A3000B78F12 /* Products */,
				B1946439298F8BBF00F832AF /* Frameworks */,
			);
			sourceTree = "<group>";
		};
		B1C36C93298E9A3000B78F12 /* Products */ = {
			isa = PBXGroup;
			children = (
				B1C36C92298E9A3000B78F12 /* StoryboardInit.app */,
				B1C36CA8298E9A3100B78F12 /* StoryboardInitTests.xctest */,
				B1C36CB2298E9A3100B78F12 /* StoryboardInitUITests.xctest */,
			);
			name = Products;
			sourceTree = "<group>";
		};
		B1C36C94298E9A3000B78F12 /* StoryboardInit */ = {
			isa = PBXGroup;
			children = (
				B1C36CC9298E9A6200B78F12 /* controllers */,
				B1C36C95298E9A3000B78F12 /* AppDelegate.swift */,
				B1C36C97298E9A3000B78F12 /* SceneDelegate.swift */,
				B1C36C99298E9A3000B78F12 /* ViewController.swift */,
				B1946438298F8A9500F832AF /* Network */,
				B1C36CC7298E9A4C00B78F12 /* model */,
				B1C36CC8298E9A5600B78F12 /* cells */,
				B1C36C9B298E9A3000B78F12 /* Main.storyboard */,
				B1C36C9E298E9A3100B78F12 /* Assets.xcassets */,
				B1479EAB298F8533002A63E8 /* Utils.swift */,
				B1C36CA0298E9A3100B78F12 /* LaunchScreen.storyboard */,
				B1C36CA3298E9A3100B78F12 /* Info.plist */,
			);
			path = StoryboardInit;
			sourceTree = "<group>";
		};
		B1C36CAB298E9A3100B78F12 /* StoryboardInitTests */ = {
			isa = PBXGroup;
			children = (
				B1C36CAC298E9A3100B78F12 /* StoryboardInitTests.swift */,
			);
			path = StoryboardInitTests;
			sourceTree = "<group>";
		};
		B1C36CB5298E9A3100B78F12 /* StoryboardInitUITests */ = {
			isa = PBXGroup;
			children = (
				B1C36CB6298E9A3100B78F12 /* StoryboardInitUITests.swift */,
				B1C36CB8298E9A3100B78F12 /* StoryboardInitUITestsLaunchTests.swift */,
			);
			path = StoryboardInitUITests;
			sourceTree = "<group>";
		};
		B1C36CC7298E9A4C00B78F12 /* model */ = {
			isa = PBXGroup;
			children = (
				B1581DAF298F8F1D00A0ADCD /* Post.swift */,
			);
			path = model;
			sourceTree = "<group>";
		};
		B1C36CC8298E9A5600B78F12 /* cells */ = {
			isa = PBXGroup;
			children = (
				B1679AE9298EAC6600A75D01 /* PostTableViewCell.swift */,
				B1679AEA298EAC6600A75D01 /* PostTableViewCell.xib */,
			);
			path = cells;
			sourceTree = "<group>";
		};
		B1C36CC9298E9A6200B78F12 /* controllers */ = {
			isa = PBXGroup;
			children = (
				B1D07A96298E9F5400307F38 /* BaseViewController.swift */,
				B1679AEF298EB71600A75D01 /* HomeViewController.swift */,
				B1679AF0298EB71600A75D01 /* HomeViewController.xib */,
				B1D07A8E298E9E3900307F38 /* CreateViewController.swift */,
				B1D07A8F298E9E3900307F38 /* CreateViewController.xib */,
				B1D07A92298E9E6400307F38 /* EditViewController.swift */,
				B1D07A93298E9E6400307F38 /* EditViewController.xib */,
			);
			path = controllers;
			sourceTree = "<group>";
		};
/* End PBXGroup section */

/* Begin PBXNativeTarget section */
		B1C36C91298E9A3000B78F12 /* StoryboardInit */ = {
			isa = PBXNativeTarget;
			buildConfigurationList = B1C36CBC298E9A3100B78F12 /* Build configuration list for PBXNativeTarget "StoryboardInit" */;
			buildPhases = (
				B1C36C8E298E9A3000B78F12 /* Sources */,
				B1C36C8F298E9A3000B78F12 /* Frameworks */,
				B1C36C90298E9A3000B78F12 /* Resources */,
			);
			buildRules = (
			);
			dependencies = (
			);
			name = StoryboardInit;
			packageProductDependencies = (
				B194643A298F8BBF00F832AF /* JGProgressHUD */,
				B194643C298F8BC600F832AF /* Alamofire */,
			);
			productName = StoryboardInit;
			productReference = B1C36C92298E9A3000B78F12 /* StoryboardInit.app */;
			productType = "com.apple.product-type.application";
		};
		B1C36CA7298E9A3100B78F12 /* StoryboardInitTests */ = {
			isa = PBXNativeTarget;
			buildConfigurationList = B1C36CBF298E9A3100B78F12 /* Build configuration list for PBXNativeTarget "StoryboardInitTests" */;
			buildPhases = (
				B1C36CA4298E9A3100B78F12 /* Sources */,
				B1C36CA5298E9A3100B78F12 /* Frameworks */,
				B1C36CA6298E9A3100B78F12 /* Resources */,
			);
			buildRules = (
			);
			dependencies = (
				B1C36CAA298E9A3100B78F12 /* PBXTargetDependency */,
			);
			name = StoryboardInitTests;
			productName = StoryboardInitTests;
			productReference = B1C36CA8298E9A3100B78F12 /* StoryboardInitTests.xctest */;
			productType = "com.apple.product-type.bundle.unit-test";
		};
		B1C36CB1298E9A3100B78F12 /* StoryboardInitUITests */ = {
			isa = PBXNativeTarget;
			buildConfigurationList = B1C36CC2298E9A3100B78F12 /* Build configuration list for PBXNativeTarget "StoryboardInitUITests" */;
			buildPhases = (
				B1C36CAE298E9A3100B78F12 /* Sources */,
				B1C36CAF298E9A3100B78F12 /* Frameworks */,
				B1C36CB0298E9A3100B78F12 /* Resources */,
			);
			buildRules = (
			);
			dependencies = (
				B1C36CB4298E9A3100B78F12 /* PBXTargetDependency */,
			);
			name = StoryboardInitUITests;
			productName = StoryboardInitUITests;
			productReference = B1C36CB2298E9A3100B78F12 /* StoryboardInitUITests.xctest */;
			productType = "com.apple.product-type.bundle.ui-testing";
		};
/* End PBXNativeTarget section */

/* Begin PBXProject section */
		B1C36C8A298E9A3000B78F12 /* Project object */ = {
			isa = PBXProject;
			attributes = {
				BuildIndependentTargetsInParallel = 1;
				LastSwiftUpdateCheck = 1420;
				LastUpgradeCheck = 1420;
				TargetAttributes = {
					B1C36C91298E9A3000B78F12 = {
						CreatedOnToolsVersion = 14.2;
					};
					B1C36CA7298E9A3100B78F12 = {
						CreatedOnToolsVersion = 14.2;
						TestTargetID = B1C36C91298E9A3000B78F12;
					};
					B1C36CB1298E9A3100B78F12 = {
						CreatedOnToolsVersion = 14.2;
						TestTargetID = B1C36C91298E9A3000B78F12;
					};
				};
			};
			buildConfigurationList = B1C36C8D298E9A3000B78F12 /* Build configuration list for PBXProject "StoryboardInit" */;
			compatibilityVersion = "Xcode 14.0";
			developmentRegion = en;
			hasScannedForEncodings = 0;
			knownRegions = (
				en,
				Base,
			);
			mainGroup = B1C36C89298E9A3000B78F12;
			packageReferences = (
				B13CB5A5298F82460083555C /* XCRemoteSwiftPackageReference "JGProgressHUD" */,
				B13CB5A8298F82600083555C /* XCRemoteSwiftPackageReference "Alamofire" */,
			);
			productRefGroup = B1C36C93298E9A3000B78F12 /* Products */;
			projectDirPath = "";
			projectRoot = "";
			targets = (
				B1C36C91298E9A3000B78F12 /* StoryboardInit */,
				B1C36CA7298E9A3100B78F12 /* StoryboardInitTests */,
				B1C36CB1298E9A3100B78F12 /* StoryboardInitUITests */,
			);
		};
/* End PBXProject section */

/* Begin PBXResourcesBuildPhase section */
		B1C36C90298E9A3000B78F12 /* Resources */ = {
			isa = PBXResourcesBuildPhase;
			buildActionMask = 2147483647;
			files = (
				B1D07A95298E9E6400307F38 /* EditViewController.xib in Resources */,
				B1C36CA2298E9A3100B78F12 /* LaunchScreen.storyboard in Resources */,
				B1D07A91298E9E3900307F38 /* CreateViewController.xib in Resources */,
				B1C36C9F298E9A3100B78F12 /* Assets.xcassets in Resources */,
				B1679AEC298EAC6600A75D01 /* PostTableViewCell.xib in Resources */,
				B1679AF2298EB71600A75D01 /* HomeViewController.xib in Resources */,
				B1C36C9D298E9A3000B78F12 /* Main.storyboard in Resources */,
			);
			runOnlyForDeploymentPostprocessing = 0;
		};
		B1C36CA6298E9A3100B78F12 /* Resources */ = {
			isa = PBXResourcesBuildPhase;
			buildActionMask = 2147483647;
			files = (
			);
			runOnlyForDeploymentPostprocessing = 0;
		};
		B1C36CB0298E9A3100B78F12 /* Resources */ = {
			isa = PBXResourcesBuildPhase;
			buildActionMask = 2147483647;
			files = (
			);
			runOnlyForDeploymentPostprocessing = 0;
		};
/* End PBXResourcesBuildPhase section */

/* Begin PBXSourcesBuildPhase section */
		B1C36C8E298E9A3000B78F12 /* Sources */ = {
			isa = PBXSourcesBuildPhase;
			buildActionMask = 2147483647;
			files = (
				B1C36C9A298E9A3000B78F12 /* ViewController.swift in Sources */,
				B1D07A90298E9E3900307F38 /* CreateViewController.swift in Sources */,
				B1C36C96298E9A3000B78F12 /* AppDelegate.swift in Sources */,
				B1C36C98298E9A3000B78F12 /* SceneDelegate.swift in Sources */,
				B1D07A97298E9F5400307F38 /* BaseViewController.swift in Sources */,
				B1581DB2298F8F3E00A0ADCD /* Network.swift in Sources */,
				B1679AF1298EB71600A75D01 /* HomeViewController.swift in Sources */,
				B1479EAC298F8533002A63E8 /* Utils.swift in Sources */,
				B1D07A94298E9E6400307F38 /* EditViewController.swift in Sources */,
				B1679AEB298EAC6600A75D01 /* PostTableViewCell.swift in Sources */,
				B1581DB0298F8F1D00A0ADCD /* Post.swift in Sources */,
			);
			runOnlyForDeploymentPostprocessing = 0;
		};
		B1C36CA4298E9A3100B78F12 /* Sources */ = {
			isa = PBXSourcesBuildPhase;
			buildActionMask = 2147483647;
			files = (
				B1946442298F8C3700F832AF /* StoryboardInitUITests.swift in Sources */,
				B1C36CAD298E9A3100B78F12 /* StoryboardInitTests.swift in Sources */,
				B1946443298F8C3800F832AF /* StoryboardInitUITestsLaunchTests.swift in Sources */,
			);
			runOnlyForDeploymentPostprocessing = 0;
		};
		B1C36CAE298E9A3100B78F12 /* Sources */ = {
			isa = PBXSourcesBuildPhase;
			buildActionMask = 2147483647;
			files = (
			);
			runOnlyForDeploymentPostprocessing = 0;
		};
/* End PBXSourcesBuildPhase section */

/* Begin PBXTargetDependency section */
		B1C36CAA298E9A3100B78F12 /* PBXTargetDependency */ = {
			isa = PBXTargetDependency;
			target = B1C36C91298E9A3000B78F12 /* StoryboardInit */;
			targetProxy = B1C36CA9298E9A3100B78F12 /* PBXContainerItemProxy */;
		};
		B1C36CB4298E9A3100B78F12 /* PBXTargetDependency */ = {
			isa = PBXTargetDependency;
			target = B1C36C91298E9A3000B78F12 /* StoryboardInit */;
			targetProxy = B1C36CB3298E9A3100B78F12 /* PBXContainerItemProxy */;
		};
/* End PBXTargetDependency section */

/* Begin PBXVariantGroup section */
		B1C36C9B298E9A3000B78F12 /* Main.storyboard */ = {
			isa = PBXVariantGroup;
			children = (
				B1C36C9C298E9A3000B78F12 /* Base */,
			);
			name = Main.storyboard;
			sourceTree = "<group>";
		};
		B1C36CA0298E9A3100B78F12 /* LaunchScreen.storyboard */ = {
			isa = PBXVariantGroup;
			children = (
				B1C36CA1298E9A3100B78F12 /* Base */,
			);
			name = LaunchScreen.storyboard;
			sourceTree = "<group>";
		};
/* End PBXVariantGroup section */

/* Begin XCBuildConfiguration section */
		B1C36CBA298E9A3100B78F12 /* Debug */ = {
			isa = XCBuildConfiguration;
			buildSettings = {
				ALWAYS_SEARCH_USER_PATHS = NO;
				CLANG_ANALYZER_NONNULL = YES;
				CLANG_ANALYZER_NUMBER_OBJECT_CONVERSION = YES_AGGRESSIVE;
				CLANG_CXX_LANGUAGE_STANDARD = "gnu++20";
				CLANG_ENABLE_MODULES = YES;
				CLANG_ENABLE_OBJC_ARC = YES;
				CLANG_ENABLE_OBJC_WEAK = YES;
				CLANG_WARN_BLOCK_CAPTURE_AUTORELEASING = YES;
				CLANG_WARN_BOOL_CONVERSION = YES;
				CLANG_WARN_COMMA = YES;
				CLANG_WARN_CONSTANT_CONVERSION = YES;
				CLANG_WARN_DEPRECATED_OBJC_IMPLEMENTATIONS = YES;
				CLANG_WARN_DIRECT_OBJC_ISA_USAGE = YES_ERROR;
				CLANG_WARN_DOCUMENTATION_COMMENTS = YES;
				CLANG_WARN_EMPTY_BODY = YES;
				CLANG_WARN_ENUM_CONVERSION = YES;
				CLANG_WARN_INFINITE_RECURSION = YES;
				CLANG_WARN_INT_CONVERSION = YES;
				CLANG_WARN_NON_LITERAL_NULL_CONVERSION = YES;
				CLANG_WARN_OBJC_IMPLICIT_RETAIN_SELF = YES;
				CLANG_WARN_OBJC_LITERAL_CONVERSION = YES;
				CLANG_WARN_OBJC_ROOT_CLASS = YES_ERROR;
				CLANG_WARN_QUOTED_INCLUDE_IN_FRAMEWORK_HEADER = YES;
				CLANG_WARN_RANGE_LOOP_ANALYSIS = YES;
				CLANG_WARN_STRICT_PROTOTYPES = YES;
				CLANG_WARN_SUSPICIOUS_MOVE = YES;
				CLANG_WARN_UNGUARDED_AVAILABILITY = YES_AGGRESSIVE;
				CLANG_WARN_UNREACHABLE_CODE = YES;
				CLANG_WARN__DUPLICATE_METHOD_MATCH = YES;
				COPY_PHASE_STRIP = NO;
				DEBUG_INFORMATION_FORMAT = dwarf;
				ENABLE_STRICT_OBJC_MSGSEND = YES;
				ENABLE_TESTABILITY = YES;
				GCC_C_LANGUAGE_STANDARD = gnu11;
				GCC_DYNAMIC_NO_PIC = NO;
				GCC_NO_COMMON_BLOCKS = YES;
				GCC_OPTIMIZATION_LEVEL = 0;
				GCC_PREPROCESSOR_DEFINITIONS = (
					"DEBUG=1",
					"$(inherited)",
				);
				GCC_WARN_64_TO_32_BIT_CONVERSION = YES;
				GCC_WARN_ABOUT_RETURN_TYPE = YES_ERROR;
				GCC_WARN_UNDECLARED_SELECTOR = YES;
				GCC_WARN_UNINITIALIZED_AUTOS = YES_AGGRESSIVE;
				GCC_WARN_UNUSED_FUNCTION = YES;
				GCC_WARN_UNUSED_VARIABLE = YES;
				IPHONEOS_DEPLOYMENT_TARGET = 16.2;
				MTL_ENABLE_DEBUG_INFO = INCLUDE_SOURCE;
				MTL_FAST_MATH = YES;
				ONLY_ACTIVE_ARCH = YES;
				SDKROOT = iphoneos;
				SWIFT_ACTIVE_COMPILATION_CONDITIONS = DEBUG;
				SWIFT_OPTIMIZATION_LEVEL = "-Onone";
			};
			name = Debug;
		};
		B1C36CBB298E9A3100B78F12 /* Release */ = {
			isa = XCBuildConfiguration;
			buildSettings = {
				ALWAYS_SEARCH_USER_PATHS = NO;
				CLANG_ANALYZER_NONNULL = YES;
				CLANG_ANALYZER_NUMBER_OBJECT_CONVERSION = YES_AGGRESSIVE;
				CLANG_CXX_LANGUAGE_STANDARD = "gnu++20";
				CLANG_ENABLE_MODULES = YES;
				CLANG_ENABLE_OBJC_ARC = YES;
				CLANG_ENABLE_OBJC_WEAK = YES;
				CLANG_WARN_BLOCK_CAPTURE_AUTORELEASING = YES;
				CLANG_WARN_BOOL_CONVERSION = YES;
				CLANG_WARN_COMMA = YES;
				CLANG_WARN_CONSTANT_CONVERSION = YES;
				CLANG_WARN_DEPRECATED_OBJC_IMPLEMENTATIONS = YES;
				CLANG_WARN_DIRECT_OBJC_ISA_USAGE = YES_ERROR;
				CLANG_WARN_DOCUMENTATION_COMMENTS = YES;
				CLANG_WARN_EMPTY_BODY = YES;
				CLANG_WARN_ENUM_CONVERSION = YES;
				CLANG_WARN_INFINITE_RECURSION = YES;
				CLANG_WARN_INT_CONVERSION = YES;
				CLANG_WARN_NON_LITERAL_NULL_CONVERSION = YES;
				CLANG_WARN_OBJC_IMPLICIT_RETAIN_SELF = YES;
				CLANG_WARN_OBJC_LITERAL_CONVERSION = YES;
				CLANG_WARN_OBJC_ROOT_CLASS = YES_ERROR;
				CLANG_WARN_QUOTED_INCLUDE_IN_FRAMEWORK_HEADER = YES;
				CLANG_WARN_RANGE_LOOP_ANALYSIS = YES;
				CLANG_WARN_STRICT_PROTOTYPES = YES;
				CLANG_WARN_SUSPICIOUS_MOVE = YES;
				CLANG_WARN_UNGUARDED_AVAILABILITY = YES_AGGRESSIVE;
				CLANG_WARN_UNREACHABLE_CODE = YES;
				CLANG_WARN__DUPLICATE_METHOD_MATCH = YES;
				COPY_PHASE_STRIP = NO;
				DEBUG_INFORMATION_FORMAT = "dwarf-with-dsym";
				ENABLE_NS_ASSERTIONS = NO;
				ENABLE_STRICT_OBJC_MSGSEND = YES;
				GCC_C_LANGUAGE_STANDARD = gnu11;
				GCC_NO_COMMON_BLOCKS = YES;
				GCC_WARN_64_TO_32_BIT_CONVERSION = YES;
				GCC_WARN_ABOUT_RETURN_TYPE = YES_ERROR;
				GCC_WARN_UNDECLARED_SELECTOR = YES;
				GCC_WARN_UNINITIALIZED_AUTOS = YES_AGGRESSIVE;
				GCC_WARN_UNUSED_FUNCTION = YES;
				GCC_WARN_UNUSED_VARIABLE = YES;
				IPHONEOS_DEPLOYMENT_TARGET = 16.2;
				MTL_ENABLE_DEBUG_INFO = NO;
				MTL_FAST_MATH = YES;
				SDKROOT = iphoneos;
				SWIFT_COMPILATION_MODE = wholemodule;
				SWIFT_OPTIMIZATION_LEVEL = "-O";
				VALIDATE_PRODUCT = YES;
			};
			name = Release;
		};
		B1C36CBD298E9A3100B78F12 /* Debug */ = {
			isa = XCBuildConfiguration;
			buildSettings = {
				ASSETCATALOG_COMPILER_APPICON_NAME = AppIcon;
				ASSETCATALOG_COMPILER_GLOBAL_ACCENT_COLOR_NAME = AccentColor;
				CODE_SIGN_STYLE = Automatic;
				CURRENT_PROJECT_VERSION = 1;
				DEVELOPMENT_TEAM = VZLYPZVM96;
				GENERATE_INFOPLIST_FILE = YES;
				INFOPLIST_FILE = StoryboardInit/Info.plist;
				INFOPLIST_KEY_UIApplicationSupportsIndirectInputEvents = YES;
				INFOPLIST_KEY_UILaunchStoryboardName = LaunchScreen;
				INFOPLIST_KEY_UIMainStoryboardFile = Main;
				INFOPLIST_KEY_UISupportedInterfaceOrientations_iPad = "UIInterfaceOrientationPortrait UIInterfaceOrientationPortraitUpsideDown UIInterfaceOrientationLandscapeLeft UIInterfaceOrientationLandscapeRight";
				INFOPLIST_KEY_UISupportedInterfaceOrientations_iPhone = "UIInterfaceOrientationPortrait UIInterfaceOrientationLandscapeLeft UIInterfaceOrientationLandscapeRight";
				LD_RUNPATH_SEARCH_PATHS = (
					"$(inherited)",
					"@executable_path/Frameworks",
				);
				MARKETING_VERSION = 1.0;
				PRODUCT_BUNDLE_IDENTIFIER = "-.StoryboardInit";
				PRODUCT_NAME = "$(TARGET_NAME)";
				SWIFT_EMIT_LOC_STRINGS = YES;
				SWIFT_VERSION = 5.0;
				TARGETED_DEVICE_FAMILY = "1,2";
			};
			name = Debug;
		};
		B1C36CBE298E9A3100B78F12 /* Release */ = {
			isa = XCBuildConfiguration;
			buildSettings = {
				ASSETCATALOG_COMPILER_APPICON_NAME = AppIcon;
				ASSETCATALOG_COMPILER_GLOBAL_ACCENT_COLOR_NAME = AccentColor;
				CODE_SIGN_STYLE = Automatic;
				CURRENT_PROJECT_VERSION = 1;
				DEVELOPMENT_TEAM = VZLYPZVM96;
				GENERATE_INFOPLIST_FILE = YES;
				INFOPLIST_FILE = StoryboardInit/Info.plist;
				INFOPLIST_KEY_UIApplicationSupportsIndirectInputEvents = YES;
				INFOPLIST_KEY_UILaunchStoryboardName = LaunchScreen;
				INFOPLIST_KEY_UIMainStoryboardFile = Main;
				INFOPLIST_KEY_UISupportedInterfaceOrientations_iPad = "UIInterfaceOrientationPortrait UIInterfaceOrientationPortraitUpsideDown UIInterfaceOrientationLandscapeLeft UIInterfaceOrientationLandscapeRight";
				INFOPLIST_KEY_UISupportedInterfaceOrientations_iPhone = "UIInterfaceOrientationPortrait UIInterfaceOrientationLandscapeLeft UIInterfaceOrientationLandscapeRight";
				LD_RUNPATH_SEARCH_PATHS = (
					"$(inherited)",
					"@executable_path/Frameworks",
				);
				MARKETING_VERSION = 1.0;
				PRODUCT_BUNDLE_IDENTIFIER = "-.StoryboardInit";
				PRODUCT_NAME = "$(TARGET_NAME)";
				SWIFT_EMIT_LOC_STRINGS = YES;
				SWIFT_VERSION = 5.0;
				TARGETED_DEVICE_FAMILY = "1,2";
			};
			name = Release;
		};
		B1C36CC0298E9A3100B78F12 /* Debug */ = {
			isa = XCBuildConfiguration;
			buildSettings = {
				ALWAYS_EMBED_SWIFT_STANDARD_LIBRARIES = YES;
				BUNDLE_LOADER = "$(TEST_HOST)";
				CODE_SIGN_STYLE = Automatic;
				CURRENT_PROJECT_VERSION = 1;
				DEVELOPMENT_TEAM = VZLYPZVM96;
				GENERATE_INFOPLIST_FILE = YES;
				IPHONEOS_DEPLOYMENT_TARGET = 16.2;
				MARKETING_VERSION = 1.0;
				PRODUCT_BUNDLE_IDENTIFIER = "-.StoryboardInitTests";
				PRODUCT_NAME = "$(TARGET_NAME)";
				SWIFT_EMIT_LOC_STRINGS = NO;
				SWIFT_VERSION = 5.0;
				TARGETED_DEVICE_FAMILY = "1,2";
				TEST_HOST = "$(BUILT_PRODUCTS_DIR)/StoryboardInit.app/$(BUNDLE_EXECUTABLE_FOLDER_PATH)/StoryboardInit";
			};
			name = Debug;
		};
		B1C36CC1298E9A3100B78F12 /* Release */ = {
			isa = XCBuildConfiguration;
			buildSettings = {
				ALWAYS_EMBED_SWIFT_STANDARD_LIBRARIES = YES;
				BUNDLE_LOADER = "$(TEST_HOST)";
				CODE_SIGN_STYLE = Automatic;
				CURRENT_PROJECT_VERSION = 1;
				DEVELOPMENT_TEAM = VZLYPZVM96;
				GENERATE_INFOPLIST_FILE = YES;
				IPHONEOS_DEPLOYMENT_TARGET = 16.2;
				MARKETING_VERSION = 1.0;
				PRODUCT_BUNDLE_IDENTIFIER = "-.StoryboardInitTests";
				PRODUCT_NAME = "$(TARGET_NAME)";
				SWIFT_EMIT_LOC_STRINGS = NO;
				SWIFT_VERSION = 5.0;
				TARGETED_DEVICE_FAMILY = "1,2";
				TEST_HOST = "$(BUILT_PRODUCTS_DIR)/StoryboardInit.app/$(BUNDLE_EXECUTABLE_FOLDER_PATH)/StoryboardInit";
			};
			name = Release;
		};
		B1C36CC3298E9A3100B78F12 /* Debug */ = {
			isa = XCBuildConfiguration;
			buildSettings = {
				ALWAYS_EMBED_SWIFT_STANDARD_LIBRARIES = YES;
				CODE_SIGN_STYLE = Automatic;
				CURRENT_PROJECT_VERSION = 1;
				DEVELOPMENT_TEAM = VZLYPZVM96;
				GENERATE_INFOPLIST_FILE = YES;
				MARKETING_VERSION = 1.0;
				PRODUCT_BUNDLE_IDENTIFIER = "-.StoryboardInitUITests";
				PRODUCT_NAME = "$(TARGET_NAME)";
				SWIFT_EMIT_LOC_STRINGS = NO;
				SWIFT_VERSION = 5.0;
				TARGETED_DEVICE_FAMILY = "1,2";
				TEST_TARGET_NAME = StoryboardInit;
			};
			name = Debug;
		};
		B1C36CC4298E9A3100B78F12 /* Release */ = {
			isa = XCBuildConfiguration;
			buildSettings = {
				ALWAYS_EMBED_SWIFT_STANDARD_LIBRARIES = YES;
				CODE_SIGN_STYLE = Automatic;
				CURRENT_PROJECT_VERSION = 1;
				DEVELOPMENT_TEAM = VZLYPZVM96;
				GENERATE_INFOPLIST_FILE = YES;
				MARKETING_VERSION = 1.0;
				PRODUCT_BUNDLE_IDENTIFIER = "-.StoryboardInitUITests";
				PRODUCT_NAME = "$(TARGET_NAME)";
				SWIFT_EMIT_LOC_STRINGS = NO;
				SWIFT_VERSION = 5.0;
				TARGETED_DEVICE_FAMILY = "1,2";
				TEST_TARGET_NAME = StoryboardInit;
			};
			name = Release;
		};
/* End XCBuildConfiguration section */

/* Begin XCConfigurationList section */
		B1C36C8D298E9A3000B78F12 /* Build configuration list for PBXProject "StoryboardInit" */ = {
			isa = XCConfigurationList;
			buildConfigurations = (
				B1C36CBA298E9A3100B78F12 /* Debug */,
				B1C36CBB298E9A3100B78F12 /* Release */,
			);
			defaultConfigurationIsVisible = 0;
			defaultConfigurationName = Release;
		};
		B1C36CBC298E9A3100B78F12 /* Build configuration list for PBXNativeTarget "StoryboardInit" */ = {
			isa = XCConfigurationList;
			buildConfigurations = (
				B1C36CBD298E9A3100B78F12 /* Debug */,
				B1C36CBE298E9A3100B78F12 /* Release */,
			);
			defaultConfigurationIsVisible = 0;
			defaultConfigurationName = Release;
		};
		B1C36CBF298E9A3100B78F12 /* Build configuration list for PBXNativeTarget "StoryboardInitTests" */ = {
			isa = XCConfigurationList;
			buildConfigurations = (
				B1C36CC0298E9A3100B78F12 /* Debug */,
				B1C36CC1298E9A3100B78F12 /* Release */,
			);
			defaultConfigurationIsVisible = 0;
			defaultConfigurationName = Release;
		};
		B1C36CC2298E9A3100B78F12 /* Build configuration list for PBXNativeTarget "StoryboardInitUITests" */ = {
			isa = XCConfigurationList;
			buildConfigurations = (
				B1C36CC3298E9A3100B78F12 /* Debug */,
				B1C36CC4298E9A3100B78F12 /* Release */,
			);
			defaultConfigurationIsVisible = 0;
			defaultConfigurationName = Release;
		};
/* End XCConfigurationList section */

/* Begin XCRemoteSwiftPackageReference section */
		B13CB5A5298F82460083555C /* XCRemoteSwiftPackageReference "JGProgressHUD" */ = {
			isa = XCRemoteSwiftPackageReference;
			repositoryURL = "https://github.com/JonasGessner/JGProgressHUD.git";
			requirement = {
				branch = master;
				kind = branch;
			};
		};
		B13CB5A8298F82600083555C /* XCRemoteSwiftPackageReference "Alamofire" */ = {
			isa = XCRemoteSwiftPackageReference;
			repositoryURL = "https://github.com/Alamofire/Alamofire.git";
			requirement = {
				branch = master;
				kind = branch;
			};
		};
/* End XCRemoteSwiftPackageReference section */

/* Begin XCSwiftPackageProductDependency section */
		B194643A298F8BBF00F832AF /* JGProgressHUD */ = {
			isa = XCSwiftPackageProductDependency;
			package = B13CB5A5298F82460083555C /* XCRemoteSwiftPackageReference "JGProgressHUD" */;
			productName = JGProgressHUD;
		};
		B194643C298F8BC600F832AF /* Alamofire */ = {
			isa = XCSwiftPackageProductDependency;
			package = B13CB5A8298F82600083555C /* XCRemoteSwiftPackageReference "Alamofire" */;
			productName = Alamofire;
		};
/* End XCSwiftPackageProductDependency section */
	};
	rootObject = B1C36C8A298E9A3000B78F12 /* Project object */;
}
